
Microsoft Visual Studio Solution File, Format Version 12.00
# Visual Studio Version 16
VisualStudioVersion = 16.0.29709.97
MinimumVisualStudioVersion = 10.0.40219.1
Project("{FAE04EC0-301F-11D3-BF4B-00C04F79EFBC}") = "CordaGroupTest.ExchangeRate", "CordaGroupTest.ExchangeRate\CordaGroupTest.ExchangeRate.csproj", "{EACDB675-1818-43A1-9884-A759705C3F37}"
EndProject
Global
	GlobalSection(SolutionConfigurationPlatforms) = preSolution
		Debug|Any CPU = Debug|Any CPU
		Release|Any CPU = Release|Any CPU
	EndGlobalSection
	GlobalSection(ProjectConfigurationPlatforms) = postSolution
		{EACDB675-1818-43A1-9884-A759705C3F37}.Debug|Any CPU.ActiveCfg = Debug|Any CPU
		{EACDB675-1818-43A1-9884-A759705C3F37}.Debug|Any CPU.Build.0 = Debug|Any CPU
		{EACDB675-1818-43A1-9884-A759705C3F37}.Release|Any CPU.ActiveCfg = Release|Any CPU
		{EACDB675-1818-43A1-9884-A759705C3F37}.Release|Any CPU.Build.0 = Release|Any CPU
	EndGlobalSection
	GlobalSection(SolutionProperties) = preSolution
		HideSolutionNode = FALSE
	EndGlobalSection
	GlobalSection(ExtensibilityGlobals) = postSolution
		SolutionGuid = {97B3026D-B7D0-4FB0-9560-0721DA89E95C}
	EndGlobalSection
EndGlobal
